
Microsoft Visual Studio Solution File, Format Version 12.00
# Visual Studio 2013
VisualStudioVersion = 12.0.31101.0
MinimumVisualStudioVersion = 10.0.40219.1
Project("{2150E333-8FDC-42A3-9474-1A3956D46DE8}") = "Repositories", "Repositories", "{E0A79539-A750-44B5-8F4A-8CB2F03EDFE6}"
EndProject
Project("{2150E333-8FDC-42A3-9474-1A3956D46DE8}") = "Infrastructure", "Infrastructure", "{868923BB-8CB3-446F-87A8-3641344163AB}"
EndProject
Project("{2150E333-8FDC-42A3-9474-1A3956D46DE8}") = "BuisnessComponents", "BuisnessComponents", "{25B5D546-95A2-41B3-AC16-D81D7DBE39D4}"
EndProject
Project("{2150E333-8FDC-42A3-9474-1A3956D46DE8}") = "Models", "Models", "{94FB331C-BD84-4F90-B512-33797EDDB658}"
EndProject
Project("{2150E333-8FDC-42A3-9474-1A3956D46DE8}") = "Sites", "Sites", "{7DF67864-A7AB-498B-AA72-99B7C7C2FF7B}"
EndProject
Project("{FAE04EC0-301F-11D3-BF4B-00C04F79EFBC}") = "TS.ServiceInterfaces", "TS.ServiceInterfaces\TS.ServiceInterfaces.csproj", "{805A5397-057C-49A2-B3A2-935AFD33635A}"
EndProject
Project("{FAE04EC0-301F-11D3-BF4B-00C04F79EFBC}") = "TS.Services", "TS.Services\TS.Services.csproj", "{F83D8E90-A6E3-4F71-8B33-B11D7BD48163}"
EndProject
Project("{FAE04EC0-301F-11D3-BF4B-00C04F79EFBC}") = "TS.Repositories", "TS.Repositories\TS.Repositories.csproj", "{A70224EA-0DA6-4CFB-8262-CCE50863FF66}"
EndProject
Project("{FAE04EC0-301F-11D3-BF4B-00C04F79EFBC}") = "TS.RepositoryInterfaces", "TS.RepositoryInterfaces\TS.RepositoryInterfaces.csproj", "{E45BB474-CB2E-4667-9F94-58FC8EC618AE}"
EndProject
Project("{FAE04EC0-301F-11D3-BF4B-00C04F79EFBC}") = "TS.BusinessEntities", "TS.BusinessEntities\TS.BusinessEntities.csproj", "{AAC628C5-EE16-4CC4-A9B9-F6AE1233E6BE}"
EndProject
Project("{FAE04EC0-301F-11D3-BF4B-00C04F79EFBC}") = "TS.ViewModels", "TS.ViewModels\TS.ViewModels.csproj", "{8A233A58-44C3-492B-BE93-F833B6672EF3}"
EndProject
Project("{FAE04EC0-301F-11D3-BF4B-00C04F79EFBC}") = "TS.MvcBase", "TS.MvcBase\TS.MvcBase.csproj", "{9B51407C-EDDD-4BB5-BF31-D904145ADA28}"
EndProject
Project("{FAE04EC0-301F-11D3-BF4B-00C04F79EFBC}") = "TS.Web", "TS.Web\TS.Web.csproj", "{1D84CFAC-427B-4C8D-8176-FE5EC47AA8E4}"
EndProject
Global
	GlobalSection(SolutionConfigurationPlatforms) = preSolution
		Debug|Any CPU = Debug|Any CPU
		Release|Any CPU = Release|Any CPU
	EndGlobalSection
	GlobalSection(ProjectConfigurationPlatforms) = postSolution
		{805A5397-057C-49A2-B3A2-935AFD33635A}.Debug|Any CPU.ActiveCfg = Debug|Any CPU
		{805A5397-057C-49A2-B3A2-935AFD33635A}.Debug|Any CPU.Build.0 = Debug|Any CPU
		{805A5397-057C-49A2-B3A2-935AFD33635A}.Release|Any CPU.ActiveCfg = Release|Any CPU
		{805A5397-057C-49A2-B3A2-935AFD33635A}.Release|Any CPU.Build.0 = Release|Any CPU
		{F83D8E90-A6E3-4F71-8B33-B11D7BD48163}.Debug|Any CPU.ActiveCfg = Debug|Any CPU
		{F83D8E90-A6E3-4F71-8B33-B11D7BD48163}.Debug|Any CPU.Build.0 = Debug|Any CPU
		{F83D8E90-A6E3-4F71-8B33-B11D7BD48163}.Release|Any CPU.ActiveCfg = Release|Any CPU
		{F83D8E90-A6E3-4F71-8B33-B11D7BD48163}.Release|Any CPU.Build.0 = Release|Any CPU
		{A70224EA-0DA6-4CFB-8262-CCE50863FF66}.Debug|Any CPU.ActiveCfg = Debug|Any CPU
		{A70224EA-0DA6-4CFB-8262-CCE50863FF66}.Debug|Any CPU.Build.0 = Debug|Any CPU
		{A70224EA-0DA6-4CFB-8262-CCE50863FF66}.Release|Any CPU.ActiveCfg = Release|Any CPU
		{A70224EA-0DA6-4CFB-8262-CCE50863FF66}.Release|Any CPU.Build.0 = Release|Any CPU
		{E45BB474-CB2E-4667-9F94-58FC8EC618AE}.Debug|Any CPU.ActiveCfg = Debug|Any CPU
		{E45BB474-CB2E-4667-9F94-58FC8EC618AE}.Debug|Any CPU.Build.0 = Debug|Any CPU
		{E45BB474-CB2E-4667-9F94-58FC8EC618AE}.Release|Any CPU.ActiveCfg = Release|Any CPU
		{E45BB474-CB2E-4667-9F94-58FC8EC618AE}.Release|Any CPU.Build.0 = Release|Any CPU
		{AAC628C5-EE16-4CC4-A9B9-F6AE1233E6BE}.Debug|Any CPU.ActiveCfg = Debug|Any CPU
		{AAC628C5-EE16-4CC4-A9B9-F6AE1233E6BE}.Debug|Any CPU.Build.0 = Debug|Any CPU
		{AAC628C5-EE16-4CC4-A9B9-F6AE1233E6BE}.Release|Any CPU.ActiveCfg = Release|Any CPU
		{AAC628C5-EE16-4CC4-A9B9-F6AE1233E6BE}.Release|Any CPU.Build.0 = Release|Any CPU
		{8A233A58-44C3-492B-BE93-F833B6672EF3}.Debug|Any CPU.ActiveCfg = Debug|Any CPU
		{8A233A58-44C3-492B-BE93-F833B6672EF3}.Debug|Any CPU.Build.0 = Debug|Any CPU
		{8A233A58-44C3-492B-BE93-F833B6672EF3}.Release|Any CPU.ActiveCfg = Release|Any CPU
		{8A233A58-44C3-492B-BE93-F833B6672EF3}.Release|Any CPU.Build.0 = Release|Any CPU
		{9B51407C-EDDD-4BB5-BF31-D904145ADA28}.Debug|Any CPU.ActiveCfg = Debug|Any CPU
		{9B51407C-EDDD-4BB5-BF31-D904145ADA28}.Debug|Any CPU.Build.0 = Debug|Any CPU
		{9B51407C-EDDD-4BB5-BF31-D904145ADA28}.Release|Any CPU.ActiveCfg = Release|Any CPU
		{9B51407C-EDDD-4BB5-BF31-D904145ADA28}.Release|Any CPU.Build.0 = Release|Any CPU
		{1D84CFAC-427B-4C8D-8176-FE5EC47AA8E4}.Debug|Any CPU.ActiveCfg = Debug|Any CPU
		{1D84CFAC-427B-4C8D-8176-FE5EC47AA8E4}.Debug|Any CPU.Build.0 = Debug|Any CPU
		{1D84CFAC-427B-4C8D-8176-FE5EC47AA8E4}.Release|Any CPU.ActiveCfg = Release|Any CPU
		{1D84CFAC-427B-4C8D-8176-FE5EC47AA8E4}.Release|Any CPU.Build.0 = Release|Any CPU
	EndGlobalSection
	GlobalSection(SolutionProperties) = preSolution
		HideSolutionNode = FALSE
	EndGlobalSection
	GlobalSection(NestedProjects) = preSolution
		{805A5397-057C-49A2-B3A2-935AFD33635A} = {25B5D546-95A2-41B3-AC16-D81D7DBE39D4}
		{F83D8E90-A6E3-4F71-8B33-B11D7BD48163} = {25B5D546-95A2-41B3-AC16-D81D7DBE39D4}
		{A70224EA-0DA6-4CFB-8262-CCE50863FF66} = {E0A79539-A750-44B5-8F4A-8CB2F03EDFE6}
		{E45BB474-CB2E-4667-9F94-58FC8EC618AE} = {E0A79539-A750-44B5-8F4A-8CB2F03EDFE6}
		{AAC628C5-EE16-4CC4-A9B9-F6AE1233E6BE} = {94FB331C-BD84-4F90-B512-33797EDDB658}
		{8A233A58-44C3-492B-BE93-F833B6672EF3} = {94FB331C-BD84-4F90-B512-33797EDDB658}
		{9B51407C-EDDD-4BB5-BF31-D904145ADA28} = {868923BB-8CB3-446F-87A8-3641344163AB}
		{1D84CFAC-427B-4C8D-8176-FE5EC47AA8E4} = {7DF67864-A7AB-498B-AA72-99B7C7C2FF7B}
	EndGlobalSection
EndGlobal
