
Microsoft Visual Studio Solution File, Format Version 12.00
# Visual Studio 2013
VisualStudioVersion = 12.0.31101.0
MinimumVisualStudioVersion = 10.0.40219.1
Project("{2150E333-8FDC-42A3-9474-1A3956D46DE8}") = "BuisnessComponents", "BuisnessComponents", "{6F352891-D306-4E94-8D9C-BD1A9CD55FE1}"
EndProject
Project("{2150E333-8FDC-42A3-9474-1A3956D46DE8}") = "Repositories", "Repositories", "{25398C47-5A6B-4B99-BA44-42257E0956E2}"
EndProject
Project("{2150E333-8FDC-42A3-9474-1A3956D46DE8}") = "Models", "Models", "{0832DEFF-BE3F-494F-8662-D3164031E053}"
EndProject
Project("{2150E333-8FDC-42A3-9474-1A3956D46DE8}") = "Web", "Web", "{2AD8EBA6-99FF-48EB-B45B-37552A2DB46E}"
EndProject
Project("{FAE04EC0-301F-11D3-BF4B-00C04F79EFBC}") = "LM.ViewModels", "LM.ViewModels\LM.ViewModels.csproj", "{2B603DFC-7EC3-4138-8FF9-5D43A9258127}"
EndProject
Project("{FAE04EC0-301F-11D3-BF4B-00C04F79EFBC}") = "LM.Repositories", "LM.Repositories\LM.Repositories.csproj", "{671630B9-223F-4E19-BBF3-7AC05044B4A0}"
EndProject
Project("{FAE04EC0-301F-11D3-BF4B-00C04F79EFBC}") = "LM.RepositoryInterfaces", "LM.RepositoryInterfaces\LM.RepositoryInterfaces.csproj", "{0554F3F8-F24D-46A6-8088-A43AD0E7FE22}"
EndProject
Project("{FAE04EC0-301F-11D3-BF4B-00C04F79EFBC}") = "LM.Services", "LM.Services\LM.Services.csproj", "{8F0BAE33-B73A-4D2C-A947-5625AF595685}"
EndProject
Project("{FAE04EC0-301F-11D3-BF4B-00C04F79EFBC}") = "LM.ServiceInterfaces", "LM.ServiceInterfaces\LM.ServiceInterfaces.csproj", "{0F7F1A69-11E6-4218-97F1-4E96A40DE872}"
EndProject
Project("{FAE04EC0-301F-11D3-BF4B-00C04F79EFBC}") = "LM.Web", "LM.Web\LM.Web.csproj", "{AE7995EC-4E1B-4FD7-BE8C-3A2835883760}"
EndProject
Project("{FAE04EC0-301F-11D3-BF4B-00C04F79EFBC}") = "LM.BuisnessEntities", "LM.BuisnessEntities\LM.BuisnessEntities.csproj", "{72537D2E-F0CD-4BE0-82A8-2A452CF7D0A8}"
EndProject
Global
	GlobalSection(SolutionConfigurationPlatforms) = preSolution
		Debug|Any CPU = Debug|Any CPU
		Release|Any CPU = Release|Any CPU
	EndGlobalSection
	GlobalSection(ProjectConfigurationPlatforms) = postSolution
		{2B603DFC-7EC3-4138-8FF9-5D43A9258127}.Debug|Any CPU.ActiveCfg = Debug|Any CPU
		{2B603DFC-7EC3-4138-8FF9-5D43A9258127}.Debug|Any CPU.Build.0 = Debug|Any CPU
		{2B603DFC-7EC3-4138-8FF9-5D43A9258127}.Release|Any CPU.ActiveCfg = Release|Any CPU
		{2B603DFC-7EC3-4138-8FF9-5D43A9258127}.Release|Any CPU.Build.0 = Release|Any CPU
		{671630B9-223F-4E19-BBF3-7AC05044B4A0}.Debug|Any CPU.ActiveCfg = Debug|Any CPU
		{671630B9-223F-4E19-BBF3-7AC05044B4A0}.Debug|Any CPU.Build.0 = Debug|Any CPU
		{671630B9-223F-4E19-BBF3-7AC05044B4A0}.Release|Any CPU.ActiveCfg = Release|Any CPU
		{671630B9-223F-4E19-BBF3-7AC05044B4A0}.Release|Any CPU.Build.0 = Release|Any CPU
		{0554F3F8-F24D-46A6-8088-A43AD0E7FE22}.Debug|Any CPU.ActiveCfg = Debug|Any CPU
		{0554F3F8-F24D-46A6-8088-A43AD0E7FE22}.Debug|Any CPU.Build.0 = Debug|Any CPU
		{0554F3F8-F24D-46A6-8088-A43AD0E7FE22}.Release|Any CPU.ActiveCfg = Release|Any CPU
		{0554F3F8-F24D-46A6-8088-A43AD0E7FE22}.Release|Any CPU.Build.0 = Release|Any CPU
		{8F0BAE33-B73A-4D2C-A947-5625AF595685}.Debug|Any CPU.ActiveCfg = Debug|Any CPU
		{8F0BAE33-B73A-4D2C-A947-5625AF595685}.Debug|Any CPU.Build.0 = Debug|Any CPU
		{8F0BAE33-B73A-4D2C-A947-5625AF595685}.Release|Any CPU.ActiveCfg = Release|Any CPU
		{8F0BAE33-B73A-4D2C-A947-5625AF595685}.Release|Any CPU.Build.0 = Release|Any CPU
		{0F7F1A69-11E6-4218-97F1-4E96A40DE872}.Debug|Any CPU.ActiveCfg = Debug|Any CPU
		{0F7F1A69-11E6-4218-97F1-4E96A40DE872}.Debug|Any CPU.Build.0 = Debug|Any CPU
		{0F7F1A69-11E6-4218-97F1-4E96A40DE872}.Release|Any CPU.ActiveCfg = Release|Any CPU
		{0F7F1A69-11E6-4218-97F1-4E96A40DE872}.Release|Any CPU.Build.0 = Release|Any CPU
		{AE7995EC-4E1B-4FD7-BE8C-3A2835883760}.Debug|Any CPU.ActiveCfg = Debug|Any CPU
		{AE7995EC-4E1B-4FD7-BE8C-3A2835883760}.Debug|Any CPU.Build.0 = Debug|Any CPU
		{AE7995EC-4E1B-4FD7-BE8C-3A2835883760}.Release|Any CPU.ActiveCfg = Release|Any CPU
		{AE7995EC-4E1B-4FD7-BE8C-3A2835883760}.Release|Any CPU.Build.0 = Release|Any CPU
		{72537D2E-F0CD-4BE0-82A8-2A452CF7D0A8}.Debug|Any CPU.ActiveCfg = Debug|Any CPU
		{72537D2E-F0CD-4BE0-82A8-2A452CF7D0A8}.Debug|Any CPU.Build.0 = Debug|Any CPU
		{72537D2E-F0CD-4BE0-82A8-2A452CF7D0A8}.Release|Any CPU.ActiveCfg = Release|Any CPU
		{72537D2E-F0CD-4BE0-82A8-2A452CF7D0A8}.Release|Any CPU.Build.0 = Release|Any CPU
	EndGlobalSection
	GlobalSection(SolutionProperties) = preSolution
		HideSolutionNode = FALSE
	EndGlobalSection
	GlobalSection(NestedProjects) = preSolution
		{2B603DFC-7EC3-4138-8FF9-5D43A9258127} = {0832DEFF-BE3F-494F-8662-D3164031E053}
		{671630B9-223F-4E19-BBF3-7AC05044B4A0} = {25398C47-5A6B-4B99-BA44-42257E0956E2}
		{0554F3F8-F24D-46A6-8088-A43AD0E7FE22} = {25398C47-5A6B-4B99-BA44-42257E0956E2}
		{8F0BAE33-B73A-4D2C-A947-5625AF595685} = {6F352891-D306-4E94-8D9C-BD1A9CD55FE1}
		{0F7F1A69-11E6-4218-97F1-4E96A40DE872} = {6F352891-D306-4E94-8D9C-BD1A9CD55FE1}
		{AE7995EC-4E1B-4FD7-BE8C-3A2835883760} = {2AD8EBA6-99FF-48EB-B45B-37552A2DB46E}
		{72537D2E-F0CD-4BE0-82A8-2A452CF7D0A8} = {0832DEFF-BE3F-494F-8662-D3164031E053}
	EndGlobalSection
EndGlobal
